// !$*UTF8*$!
{
	archiveVersion = 1;
	classes = {
	};
	objectVersion = 50;
	objects = {

/* Begin PBXBuildFile section */
		FE103A3C25F1B02F00BC86C7 /* ctzk.mlmodel in Sources */ = {isa = PBXBuildFile; fileRef = FE103A3B25F1B02E00BC86C7 /* ctzk.mlmodel */; };
		FE97C53325E989640018A1F9 /* AppDelegate.swift in Sources */ = {isa = PBXBuildFile; fileRef = FE97C53225E989640018A1F9 /* AppDelegate.swift */; };
		FE97C53525E989640018A1F9 /* SceneDelegate.swift in Sources */ = {isa = PBXBuildFile; fileRef = FE97C53425E989640018A1F9 /* SceneDelegate.swift */; };
		FE97C53725E989640018A1F9 /* ViewController.swift in Sources */ = {isa = PBXBuildFile; fileRef = FE97C53625E989640018A1F9 /* ViewController.swift */; };
		FE97C53A25E989640018A1F9 /* Main.storyboard in Resources */ = {isa = PBXBuildFile; fileRef = FE97C53825E989640018A1F9 /* Main.storyboard */; };
		FE97C53C25E989670018A1F9 /* Assets.xcassets in Resources */ = {isa = PBXBuildFile; fileRef = FE97C53B25E989670018A1F9 /* Assets.xcassets */; };
		FE97C53F25E989670018A1F9 /* LaunchScreen.storyboard in Resources */ = {isa = PBXBuildFile; fileRef = FE97C53D25E989670018A1F9 /* LaunchScreen.storyboard */; };
		FE97C54A25E989680018A1F9 /* FirstAppTests.swift in Sources */ = {isa = PBXBuildFile; fileRef = FE97C54925E989680018A1F9 /* FirstAppTests.swift */; };
		FE97C55525E989680018A1F9 /* FirstAppUITests.swift in Sources */ = {isa = PBXBuildFile; fileRef = FE97C55425E989680018A1F9 /* FirstAppUITests.swift */; };
/* End PBXBuildFile section */

/* Begin PBXContainerItemProxy section */
		FE97C54625E989680018A1F9 /* PBXContainerItemProxy */ = {
			isa = PBXContainerItemProxy;
			containerPortal = FE97C52725E989630018A1F9 /* Project object */;
			proxyType = 1;
			remoteGlobalIDString = FE97C52E25E989630018A1F9;
			remoteInfo = FirstApp;
		};
		FE97C55125E989680018A1F9 /* PBXContainerItemProxy */ = {
			isa = PBXContainerItemProxy;
			containerPortal = FE97C52725E989630018A1F9 /* Project object */;
			proxyType = 1;
			remoteGlobalIDString = FE97C52E25E989630018A1F9;
			remoteInfo = FirstApp;
		};
/* End PBXContainerItemProxy section */

/* Begin PBXFileReference section */
		FE103A3B25F1B02E00BC86C7 /* ctzk.mlmodel */ = {isa = PBXFileReference; lastKnownFileType = file.mlmodel; path = ctzk.mlmodel; sourceTree = "<group>"; };
		FE97C52F25E989640018A1F9 /* FirstApp.app */ = {isa = PBXFileReference; explicitFileType = wrapper.application; includeInIndex = 0; path = FirstApp.app; sourceTree = BUILT_PRODUCTS_DIR; };
		FE97C53225E989640018A1F9 /* AppDelegate.swift */ = {isa = PBXFileReference; lastKnownFileType = sourcecode.swift; path = AppDelegate.swift; sourceTree = "<group>"; };
		FE97C53425E989640018A1F9 /* SceneDelegate.swift */ = {isa = PBXFileReference; lastKnownFileType = sourcecode.swift; path = SceneDelegate.swift; sourceTree = "<group>"; };
		FE97C53625E989640018A1F9 /* ViewController.swift */ = {isa = PBXFileReference; lastKnownFileType = sourcecode.swift; path = ViewController.swift; sourceTree = "<group>"; };
		FE97C53925E989640018A1F9 /* Base */ = {isa = PBXFileReference; lastKnownFileType = file.storyboard; name = Base; path = Base.lproj/Main.storyboard; sourceTree = "<group>"; };
		FE97C53B25E989670018A1F9 /* Assets.xcassets */ = {isa = PBXFileReference; lastKnownFileType = folder.assetcatalog; path = Assets.xcassets; sourceTree = "<group>"; };
		FE97C53E25E989670018A1F9 /* Base */ = {isa = PBXFileReference; lastKnownFileType = file.storyboard; name = Base; path = Base.lproj/LaunchScreen.storyboard; sourceTree = "<group>"; };
		FE97C54025E989670018A1F9 /* Info.plist */ = {isa = PBXFileReference; lastKnownFileType = text.plist.xml; path = Info.plist; sourceTree = "<group>"; };
		FE97C54525E989680018A1F9 /* FirstAppTests.xctest */ = {isa = PBXFileReference; explicitFileType = wrapper.cfbundle; includeInIndex = 0; path = FirstAppTests.xctest; sourceTree = BUILT_PRODUCTS_DIR; };
		FE97C54925E989680018A1F9 /* FirstAppTests.swift */ = {isa = PBXFileReference; lastKnownFileType = sourcecode.swift; path = FirstAppTests.swift; sourceTree = "<group>"; };
		FE97C54B25E989680018A1F9 /* Info.plist */ = {isa = PBXFileReference; lastKnownFileType = text.plist.xml; path = Info.plist; sourceTree = "<group>"; };
		FE97C55025E989680018A1F9 /* FirstAppUITests.xctest */ = {isa = PBXFileReference; explicitFileType = wrapper.cfbundle; includeInIndex = 0; path = FirstAppUITests.xctest; sourceTree = BUILT_PRODUCTS_DIR; };
		FE97C55425E989680018A1F9 /* FirstAppUITests.swift */ = {isa = PBXFileReference; lastKnownFileType = sourcecode.swift; path = FirstAppUITests.swift; sourceTree = "<group>"; };
		FE97C55625E989680018A1F9 /* Info.plist */ = {isa = PBXFileReference; lastKnownFileType = text.plist.xml; path = Info.plist; sourceTree = "<group>"; };
/* End PBXFileReference section */

/* Begin PBXFrameworksBuildPhase section */
		FE97C52C25E989630018A1F9 /* Frameworks */ = {
			isa = PBXFrameworksBuildPhase;
			buildActionMask = 2147483647;
			files = (
			);
			runOnlyForDeploymentPostprocessing = 0;
		};
		FE97C54225E989680018A1F9 /* Frameworks */ = {
			isa = PBXFrameworksBuildPhase;
			buildActionMask = 2147483647;
			files = (
			);
			runOnlyForDeploymentPostprocessing = 0;
		};
		FE97C54D25E989680018A1F9 /* Frameworks */ = {
			isa = PBXFrameworksBuildPhase;
			buildActionMask = 2147483647;
			files = (
			);
			runOnlyForDeploymentPostprocessing = 0;
		};
/* End PBXFrameworksBuildPhase section */

/* Begin PBXGroup section */
		FE97C52625E989630018A1F9 = {
			isa = PBXGroup;
			children = (
				FE97C53125E989640018A1F9 /* FirstApp */,
				FE97C54825E989680018A1F9 /* FirstAppTests */,
				FE97C55325E989680018A1F9 /* FirstAppUITests */,
				FE97C53025E989640018A1F9 /* Products */,
			);
			sourceTree = "<group>";
		};
		FE97C53025E989640018A1F9 /* Products */ = {
			isa = PBXGroup;
			children = (
				FE97C52F25E989640018A1F9 /* FirstApp.app */,
				FE97C54525E989680018A1F9 /* FirstAppTests.xctest */,
				FE97C55025E989680018A1F9 /* FirstAppUITests.xctest */,
			);
			name = Products;
			sourceTree = "<group>";
		};
		FE97C53125E989640018A1F9 /* FirstApp */ = {
			isa = PBXGroup;
			children = (
				FE97C53225E989640018A1F9 /* AppDelegate.swift */,
				FE97C53425E989640018A1F9 /* SceneDelegate.swift */,
				FE97C53625E989640018A1F9 /* ViewController.swift */,
				FE97C53825E989640018A1F9 /* Main.storyboard */,
				FE97C53B25E989670018A1F9 /* Assets.xcassets */,
				FE97C53D25E989670018A1F9 /* LaunchScreen.storyboard */,
				FE97C54025E989670018A1F9 /* Info.plist */,
				FE103A3B25F1B02E00BC86C7 /* ctzk.mlmodel */,
			);
			path = FirstApp;
			sourceTree = "<group>";
		};
		FE97C54825E989680018A1F9 /* FirstAppTests */ = {
			isa = PBXGroup;
			children = (
				FE97C54925E989680018A1F9 /* FirstAppTests.swift */,
				FE97C54B25E989680018A1F9 /* Info.plist */,
			);
			path = FirstAppTests;
			sourceTree = "<group>";
		};
		FE97C55325E989680018A1F9 /* FirstAppUITests */ = {
			isa = PBXGroup;
			children = (
				FE97C55425E989680018A1F9 /* FirstAppUITests.swift */,
				FE97C55625E989680018A1F9 /* Info.plist */,
			);
			path = FirstAppUITests;
			sourceTree = "<group>";
		};
/* End PBXGroup section */

/* Begin PBXNativeTarget section */
		FE97C52E25E989630018A1F9 /* FirstApp */ = {
			isa = PBXNativeTarget;
			buildConfigurationList = FE97C55925E989680018A1F9 /* Build configuration list for PBXNativeTarget "FirstApp" */;
			buildPhases = (
				FE97C52B25E989630018A1F9 /* Sources */,
				FE97C52C25E989630018A1F9 /* Frameworks */,
				FE97C52D25E989630018A1F9 /* Resources */,
			);
			buildRules = (
			);
			dependencies = (
			);
			name = FirstApp;
			productName = FirstApp;
			productReference = FE97C52F25E989640018A1F9 /* FirstApp.app */;
			productType = "com.apple.product-type.application";
		};
		FE97C54425E989680018A1F9 /* FirstAppTests */ = {
			isa = PBXNativeTarget;
			buildConfigurationList = FE97C55C25E989680018A1F9 /* Build configuration list for PBXNativeTarget "FirstAppTests" */;
			buildPhases = (
				FE97C54125E989680018A1F9 /* Sources */,
				FE97C54225E989680018A1F9 /* Frameworks */,
				FE97C54325E989680018A1F9 /* Resources */,
			);
			buildRules = (
			);
			dependencies = (
				FE97C54725E989680018A1F9 /* PBXTargetDependency */,
			);
			name = FirstAppTests;
			productName = FirstAppTests;
			productReference = FE97C54525E989680018A1F9 /* FirstAppTests.xctest */;
			productType = "com.apple.product-type.bundle.unit-test";
		};
		FE97C54F25E989680018A1F9 /* FirstAppUITests */ = {
			isa = PBXNativeTarget;
			buildConfigurationList = FE97C55F25E989680018A1F9 /* Build configuration list for PBXNativeTarget "FirstAppUITests" */;
			buildPhases = (
				FE97C54C25E989680018A1F9 /* Sources */,
				FE97C54D25E989680018A1F9 /* Frameworks */,
				FE97C54E25E989680018A1F9 /* Resources */,
			);
			buildRules = (
			);
			dependencies = (
				FE97C55225E989680018A1F9 /* PBXTargetDependency */,
			);
			name = FirstAppUITests;
			productName = FirstAppUITests;
			productReference = FE97C55025E989680018A1F9 /* FirstAppUITests.xctest */;
			productType = "com.apple.product-type.bundle.ui-testing";
		};
/* End PBXNativeTarget section */

/* Begin PBXProject section */
		FE97C52725E989630018A1F9 /* Project object */ = {
			isa = PBXProject;
			attributes = {
				LastSwiftUpdateCheck = 1240;
				LastUpgradeCheck = 1240;
				TargetAttributes = {
					FE97C52E25E989630018A1F9 = {
						CreatedOnToolsVersion = 12.4;
					};
					FE97C54425E989680018A1F9 = {
						CreatedOnToolsVersion = 12.4;
						TestTargetID = FE97C52E25E989630018A1F9;
					};
					FE97C54F25E989680018A1F9 = {
						CreatedOnToolsVersion = 12.4;
						TestTargetID = FE97C52E25E989630018A1F9;
					};
				};
			};
			buildConfigurationList = FE97C52A25E989630018A1F9 /* Build configuration list for PBXProject "FirstApp" */;
			compatibilityVersion = "Xcode 9.3";
			developmentRegion = en;
			hasScannedForEncodings = 0;
			knownRegions = (
				en,
				Base,
			);
			mainGroup = FE97C52625E989630018A1F9;
			productRefGroup = FE97C53025E989640018A1F9 /* Products */;
			projectDirPath = "";
			projectRoot = "";
			targets = (
				FE97C52E25E989630018A1F9 /* FirstApp */,
				FE97C54425E989680018A1F9 /* FirstAppTests */,
				FE97C54F25E989680018A1F9 /* FirstAppUITests */,
			);
		};
/* End PBXProject section */

/* Begin PBXResourcesBuildPhase section */
		FE97C52D25E989630018A1F9 /* Resources */ = {
			isa = PBXResourcesBuildPhase;
			buildActionMask = 2147483647;
			files = (
				FE97C53F25E989670018A1F9 /* LaunchScreen.storyboard in Resources */,
				FE97C53C25E989670018A1F9 /* Assets.xcassets in Resources */,
				FE97C53A25E989640018A1F9 /* Main.storyboard in Resources */,
			);
			runOnlyForDeploymentPostprocessing = 0;
		};
		FE97C54325E989680018A1F9 /* Resources */ = {
			isa = PBXResourcesBuildPhase;
			buildActionMask = 2147483647;
			files = (
			);
			runOnlyForDeploymentPostprocessing = 0;
		};
		FE97C54E25E989680018A1F9 /* Resources */ = {
			isa = PBXResourcesBuildPhase;
			buildActionMask = 2147483647;
			files = (
			);
			runOnlyForDeploymentPostprocessing = 0;
		};
/* End PBXResourcesBuildPhase section */

/* Begin PBXSourcesBuildPhase section */
		FE97C52B25E989630018A1F9 /* Sources */ = {
			isa = PBXSourcesBuildPhase;
			buildActionMask = 2147483647;
			files = (
				FE103A3C25F1B02F00BC86C7 /* ctzk.mlmodel in Sources */,
				FE97C53725E989640018A1F9 /* ViewController.swift in Sources */,
				FE97C53325E989640018A1F9 /* AppDelegate.swift in Sources */,
				FE97C53525E989640018A1F9 /* SceneDelegate.swift in Sources */,
			);
			runOnlyForDeploymentPostprocessing = 0;
		};
		FE97C54125E989680018A1F9 /* Sources */ = {
			isa = PBXSourcesBuildPhase;
			buildActionMask = 2147483647;
			files = (
				FE97C54A25E989680018A1F9 /* FirstAppTests.swift in Sources */,
			);
			runOnlyForDeploymentPostprocessing = 0;
		};
		FE97C54C25E989680018A1F9 /* Sources */ = {
			isa = PBXSourcesBuildPhase;
			buildActionMask = 2147483647;
			files = (
				FE97C55525E989680018A1F9 /* FirstAppUITests.swift in Sources */,
			);
			runOnlyForDeploymentPostprocessing = 0;
		};
/* End PBXSourcesBuildPhase section */

/* Begin PBXTargetDependency section */
		FE97C54725E989680018A1F9 /* PBXTargetDependency */ = {
			isa = PBXTargetDependency;
			target = FE97C52E25E989630018A1F9 /* FirstApp */;
			targetProxy = FE97C54625E989680018A1F9 /* PBXContainerItemProxy */;
		};
		FE97C55225E989680018A1F9 /* PBXTargetDependency */ = {
			isa = PBXTargetDependency;
			target = FE97C52E25E989630018A1F9 /* FirstApp */;
			targetProxy = FE97C55125E989680018A1F9 /* PBXContainerItemProxy */;
		};
/* End PBXTargetDependency section */

/* Begin PBXVariantGroup section */
		FE97C53825E989640018A1F9 /* Main.storyboard */ = {
			isa = PBXVariantGroup;
			children = (
				FE97C53925E989640018A1F9 /* Base */,
			);
			name = Main.storyboard;
			sourceTree = "<group>";
		};
		FE97C53D25E989670018A1F9 /* LaunchScreen.storyboard */ = {
			isa = PBXVariantGroup;
			children = (
				FE97C53E25E989670018A1F9 /* Base */,
			);
			name = LaunchScreen.storyboard;
			sourceTree = "<group>";
		};
/* End PBXVariantGroup section */

/* Begin XCBuildConfiguration section */
		FE97C55725E989680018A1F9 /* Debug */ = {
			isa = XCBuildConfiguration;
			buildSettings = {
				ALWAYS_SEARCH_USER_PATHS = NO;
				CLANG_ANALYZER_NONNULL = YES;
				CLANG_ANALYZER_NUMBER_OBJECT_CONVERSION = YES_AGGRESSIVE;
				CLANG_CXX_LANGUAGE_STANDARD = "gnu++14";
				CLANG_CXX_LIBRARY = "libc++";
				CLANG_ENABLE_MODULES = YES;
				CLANG_ENABLE_OBJC_ARC = YES;
				CLANG_ENABLE_OBJC_WEAK = YES;
				CLANG_WARN_BLOCK_CAPTURE_AUTORELEASING = YES;
				CLANG_WARN_BOOL_CONVERSION = YES;
				CLANG_WARN_COMMA = YES;
				CLANG_WARN_CONSTANT_CONVERSION = YES;
				CLANG_WARN_DEPRECATED_OBJC_IMPLEMENTATIONS = YES;
				CLANG_WARN_DIRECT_OBJC_ISA_USAGE = YES_ERROR;
				CLANG_WARN_DOCUMENTATION_COMMENTS = YES;
				CLANG_WARN_EMPTY_BODY = YES;
				CLANG_WARN_ENUM_CONVERSION = YES;
				CLANG_WARN_INFINITE_RECURSION = YES;
				CLANG_WARN_INT_CONVERSION = YES;
				CLANG_WARN_NON_LITERAL_NULL_CONVERSION = YES;
				CLANG_WARN_OBJC_IMPLICIT_RETAIN_SELF = YES;
				CLANG_WARN_OBJC_LITERAL_CONVERSION = YES;
				CLANG_WARN_OBJC_ROOT_CLASS = YES_ERROR;
				CLANG_WARN_QUOTED_INCLUDE_IN_FRAMEWORK_HEADER = YES;
				CLANG_WARN_RANGE_LOOP_ANALYSIS = YES;
				CLANG_WARN_STRICT_PROTOTYPES = YES;
				CLANG_WARN_SUSPICIOUS_MOVE = YES;
				CLANG_WARN_UNGUARDED_AVAILABILITY = YES_AGGRESSIVE;
				CLANG_WARN_UNREACHABLE_CODE = YES;
				CLANG_WARN__DUPLICATE_METHOD_MATCH = YES;
				COPY_PHASE_STRIP = NO;
				DEBUG_INFORMATION_FORMAT = dwarf;
				ENABLE_STRICT_OBJC_MSGSEND = YES;
				ENABLE_TESTABILITY = YES;
				GCC_C_LANGUAGE_STANDARD = gnu11;
				GCC_DYNAMIC_NO_PIC = NO;
				GCC_NO_COMMON_BLOCKS = YES;
				GCC_OPTIMIZATION_LEVEL = 0;
				GCC_PREPROCESSOR_DEFINITIONS = (
					"DEBUG=1",
					"$(inherited)",
				);
				GCC_WARN_64_TO_32_BIT_CONVERSION = YES;
				GCC_WARN_ABOUT_RETURN_TYPE = YES_ERROR;
				GCC_WARN_UNDECLARED_SELECTOR = YES;
				GCC_WARN_UNINITIALIZED_AUTOS = YES_AGGRESSIVE;
				GCC_WARN_UNUSED_FUNCTION = YES;
				GCC_WARN_UNUSED_VARIABLE = YES;
				IPHONEOS_DEPLOYMENT_TARGET = 14.4;
				MTL_ENABLE_DEBUG_INFO = INCLUDE_SOURCE;
				MTL_FAST_MATH = YES;
				ONLY_ACTIVE_ARCH = YES;
				SDKROOT = iphoneos;
				SWIFT_ACTIVE_COMPILATION_CONDITIONS = DEBUG;
				SWIFT_OPTIMIZATION_LEVEL = "-Onone";
			};
			name = Debug;
		};
		FE97C55825E989680018A1F9 /* Release */ = {
			isa = XCBuildConfiguration;
			buildSettings = {
				ALWAYS_SEARCH_USER_PATHS = NO;
				CLANG_ANALYZER_NONNULL = YES;
				CLANG_ANALYZER_NUMBER_OBJECT_CONVERSION = YES_AGGRESSIVE;
				CLANG_CXX_LANGUAGE_STANDARD = "gnu++14";
				CLANG_CXX_LIBRARY = "libc++";
				CLANG_ENABLE_MODULES = YES;
				CLANG_ENABLE_OBJC_ARC = YES;
				CLANG_ENABLE_OBJC_WEAK = YES;
				CLANG_WARN_BLOCK_CAPTURE_AUTORELEASING = YES;
				CLANG_WARN_BOOL_CONVERSION = YES;
				CLANG_WARN_COMMA = YES;
				CLANG_WARN_CONSTANT_CONVERSION = YES;
				CLANG_WARN_DEPRECATED_OBJC_IMPLEMENTATIONS = YES;
				CLANG_WARN_DIRECT_OBJC_ISA_USAGE = YES_ERROR;
				CLANG_WARN_DOCUMENTATION_COMMENTS = YES;
				CLANG_WARN_EMPTY_BODY = YES;
				CLANG_WARN_ENUM_CONVERSION = YES;
				CLANG_WARN_INFINITE_RECURSION = YES;
				CLANG_WARN_INT_CONVERSION = YES;
				CLANG_WARN_NON_LITERAL_NULL_CONVERSION = YES;
				CLANG_WARN_OBJC_IMPLICIT_RETAIN_SELF = YES;
				CLANG_WARN_OBJC_LITERAL_CONVERSION = YES;
				CLANG_WARN_OBJC_ROOT_CLASS = YES_ERROR;
				CLANG_WARN_QUOTED_INCLUDE_IN_FRAMEWORK_HEADER = YES;
				CLANG_WARN_RANGE_LOOP_ANALYSIS = YES;
				CLANG_WARN_STRICT_PROTOTYPES = YES;
				CLANG_WARN_SUSPICIOUS_MOVE = YES;
				CLANG_WARN_UNGUARDED_AVAILABILITY = YES_AGGRESSIVE;
				CLANG_WARN_UNREACHABLE_CODE = YES;
				CLANG_WARN__DUPLICATE_METHOD_MATCH = YES;
				COPY_PHASE_STRIP = NO;
				DEBUG_INFORMATION_FORMAT = "dwarf-with-dsym";
				ENABLE_NS_ASSERTIONS = NO;
				ENABLE_STRICT_OBJC_MSGSEND = YES;
				GCC_C_LANGUAGE_STANDARD = gnu11;
				GCC_NO_COMMON_BLOCKS = YES;
				GCC_WARN_64_TO_32_BIT_CONVERSION = YES;
				GCC_WARN_ABOUT_RETURN_TYPE = YES_ERROR;
				GCC_WARN_UNDECLARED_SELECTOR = YES;
				GCC_WARN_UNINITIALIZED_AUTOS = YES_AGGRESSIVE;
				GCC_WARN_UNUSED_FUNCTION = YES;
				GCC_WARN_UNUSED_VARIABLE = YES;
				IPHONEOS_DEPLOYMENT_TARGET = 14.4;
				MTL_ENABLE_DEBUG_INFO = NO;
				MTL_FAST_MATH = YES;
				SDKROOT = iphoneos;
				SWIFT_COMPILATION_MODE = wholemodule;
				SWIFT_OPTIMIZATION_LEVEL = "-O";
				VALIDATE_PRODUCT = YES;
			};
			name = Release;
		};
		FE97C55A25E989680018A1F9 /* Debug */ = {
			isa = XCBuildConfiguration;
			buildSettings = {
				ASSETCATALOG_COMPILER_APPICON_NAME = AppIcon;
				ASSETCATALOG_COMPILER_GLOBAL_ACCENT_COLOR_NAME = AccentColor;
				CODE_SIGN_STYLE = Automatic;
				DEVELOPMENT_TEAM = PWM5FCL8RM;
				INFOPLIST_FILE = FirstApp/Info.plist;
				LD_RUNPATH_SEARCH_PATHS = (
					"$(inherited)",
					"@executable_path/Frameworks",
				);
				PRODUCT_BUNDLE_IDENTIFIER = com.twojastara.FirstApp;
				PRODUCT_NAME = "$(TARGET_NAME)";
				SWIFT_VERSION = 5.0;
				TARGETED_DEVICE_FAMILY = 1;
			};
			name = Debug;
		};
		FE97C55B25E989680018A1F9 /* Release */ = {
			isa = XCBuildConfiguration;
			buildSettings = {
				ASSETCATALOG_COMPILER_APPICON_NAME = AppIcon;
				ASSETCATALOG_COMPILER_GLOBAL_ACCENT_COLOR_NAME = AccentColor;
				CODE_SIGN_STYLE = Automatic;
				DEVELOPMENT_TEAM = PWM5FCL8RM;
				INFOPLIST_FILE = FirstApp/Info.plist;
				LD_RUNPATH_SEARCH_PATHS = (
					"$(inherited)",
					"@executable_path/Frameworks",
				);
				PRODUCT_BUNDLE_IDENTIFIER = com.twojastara.FirstApp;
				PRODUCT_NAME = "$(TARGET_NAME)";
				SWIFT_VERSION = 5.0;
				TARGETED_DEVICE_FAMILY = 1;
			};
			name = Release;
		};
		FE97C55D25E989680018A1F9 /* Debug */ = {
			isa = XCBuildConfiguration;
			buildSettings = {
				ALWAYS_EMBED_SWIFT_STANDARD_LIBRARIES = YES;
				BUNDLE_LOADER = "$(TEST_HOST)";
				CODE_SIGN_STYLE = Automatic;
				INFOPLIST_FILE = FirstAppTests/Info.plist;
				IPHONEOS_DEPLOYMENT_TARGET = 14.4;
				LD_RUNPATH_SEARCH_PATHS = (
					"$(inherited)",
					"@executable_path/Frameworks",
					"@loader_path/Frameworks",
				);
				PRODUCT_BUNDLE_IDENTIFIER = com.twojastara.FirstAppTests;
				PRODUCT_NAME = "$(TARGET_NAME)";
				SWIFT_VERSION = 5.0;
				TARGETED_DEVICE_FAMILY = "1,2";
				TEST_HOST = "$(BUILT_PRODUCTS_DIR)/FirstApp.app/FirstApp";
			};
			name = Debug;
		};
		FE97C55E25E989680018A1F9 /* Release */ = {
			isa = XCBuildConfiguration;
			buildSettings = {
				ALWAYS_EMBED_SWIFT_STANDARD_LIBRARIES = YES;
				BUNDLE_LOADER = "$(TEST_HOST)";
				CODE_SIGN_STYLE = Automatic;
				INFOPLIST_FILE = FirstAppTests/Info.plist;
				IPHONEOS_DEPLOYMENT_TARGET = 14.4;
				LD_RUNPATH_SEARCH_PATHS = (
					"$(inherited)",
					"@executable_path/Frameworks",
					"@loader_path/Frameworks",
				);
				PRODUCT_BUNDLE_IDENTIFIER = com.twojastara.FirstAppTests;
				PRODUCT_NAME = "$(TARGET_NAME)";
				SWIFT_VERSION = 5.0;
				TARGETED_DEVICE_FAMILY = "1,2";
				TEST_HOST = "$(BUILT_PRODUCTS_DIR)/FirstApp.app/FirstApp";
			};
			name = Release;
		};
		FE97C56025E989680018A1F9 /* Debug */ = {
			isa = XCBuildConfiguration;
			buildSettings = {
				ALWAYS_EMBED_SWIFT_STANDARD_LIBRARIES = YES;
				CODE_SIGN_STYLE = Automatic;
				INFOPLIST_FILE = FirstAppUITests/Info.plist;
				LD_RUNPATH_SEARCH_PATHS = (
					"$(inherited)",
					"@executable_path/Frameworks",
					"@loader_path/Frameworks",
				);
				PRODUCT_BUNDLE_IDENTIFIER = com.twojastara.FirstAppUITests;
				PRODUCT_NAME = "$(TARGET_NAME)";
				SWIFT_VERSION = 5.0;
				TARGETED_DEVICE_FAMILY = "1,2";
				TEST_TARGET_NAME = FirstApp;
			};
			name = Debug;
		};
		FE97C56125E989680018A1F9 /* Release */ = {
			isa = XCBuildConfiguration;
			buildSettings = {
				ALWAYS_EMBED_SWIFT_STANDARD_LIBRARIES = YES;
				CODE_SIGN_STYLE = Automatic;
				INFOPLIST_FILE = FirstAppUITests/Info.plist;
				LD_RUNPATH_SEARCH_PATHS = (
					"$(inherited)",
					"@executable_path/Frameworks",
					"@loader_path/Frameworks",
				);
				PRODUCT_BUNDLE_IDENTIFIER = com.twojastara.FirstAppUITests;
				PRODUCT_NAME = "$(TARGET_NAME)";
				SWIFT_VERSION = 5.0;
				TARGETED_DEVICE_FAMILY = "1,2";
				TEST_TARGET_NAME = FirstApp;
			};
			name = Release;
		};
/* End XCBuildConfiguration section */

/* Begin XCConfigurationList section */
		FE97C52A25E989630018A1F9 /* Build configuration list for PBXProject "FirstApp" */ = {
			isa = XCConfigurationList;
			buildConfigurations = (
				FE97C55725E989680018A1F9 /* Debug */,
				FE97C55825E989680018A1F9 /* Release */,
			);
			defaultConfigurationIsVisible = 0;
			defaultConfigurationName = Release;
		};
		FE97C55925E989680018A1F9 /* Build configuration list for PBXNativeTarget "FirstApp" */ = {
			isa = XCConfigurationList;
			buildConfigurations = (
				FE97C55A25E989680018A1F9 /* Debug */,
				FE97C55B25E989680018A1F9 /* Release */,
			);
			defaultConfigurationIsVisible = 0;
			defaultConfigurationName = Release;
		};
		FE97C55C25E989680018A1F9 /* Build configuration list for PBXNativeTarget "FirstAppTests" */ = {
			isa = XCConfigurationList;
			buildConfigurations = (
				FE97C55D25E989680018A1F9 /* Debug */,
				FE97C55E25E989680018A1F9 /* Release */,
			);
			defaultConfigurationIsVisible = 0;
			defaultConfigurationName = Release;
		};
		FE97C55F25E989680018A1F9 /* Build configuration list for PBXNativeTarget "FirstAppUITests" */ = {
			isa = XCConfigurationList;
			buildConfigurations = (
				FE97C56025E989680018A1F9 /* Debug */,
				FE97C56125E989680018A1F9 /* Release */,
			);
			defaultConfigurationIsVisible = 0;
			defaultConfigurationName = Release;
		};
/* End XCConfigurationList section */
	};
	rootObject = FE97C52725E989630018A1F9 /* Project object */;
}
